Microsoft Visual Studio Solution File, Format Version 11.00
# Visual Studio 2008

Project("{21846BB9-515E-B89F-E0B1-2106A3CB0AA1}") = "InfoVisClustering_sample", "Assembly-CSharp.csproj", "{9A4E62B9-D652-8FBD-F271-3397FED2E9C1}"
EndProject
Global
	GlobalSection(SolutionConfigurationPlatforms) = preSolution
		Debug|Any CPU = Debug|Any CPU
		Release|Any CPU = Release|Any CPU
	EndGlobalSection
	GlobalSection(ProjectConfigurationPlatforms) = postSolution
		{9A4E62B9-D652-8FBD-F271-3397FED2E9C1}.Debug|Any CPU.ActiveCfg = Debug|Any CPU
		{9A4E62B9-D652-8FBD-F271-3397FED2E9C1}.Debug|Any CPU.Build.0 = Debug|Any CPU
		{9A4E62B9-D652-8FBD-F271-3397FED2E9C1}.Release|Any CPU.ActiveCfg = Release|Any CPU
		{9A4E62B9-D652-8FBD-F271-3397FED2E9C1}.Release|Any CPU.Build.0 = Release|Any CPU
	EndGlobalSection
	GlobalSection(SolutionProperties) = preSolution
		HideSolutionNode = FALSE
	EndGlobalSection
	GlobalSection(MonoDevelopProperties) = preSolution
		StartupItem = Assembly-CSharp.csproj
	EndGlobalSection
EndGlobal
